<?xml version="1.0" encoding="utf-8"?>
<Project ToolsVersion="4.0" xmlns="http://schemas.microsoft.com/developer/msbuild/2003">
  <ItemGroup>
    <Filter Include="Source Files">
      <UniqueIdentifier>{4FC737F1-C7A5-4376-A066-2A32D752A2FF}</UniqueIdentifier>
      <Extensions>cpp;c;cc;cxx;def;odl;idl;hpj;bat;asm;asmx</Extensions>
    </Filter>
    <Filter Include="Header Files">
      <UniqueIdentifier>{93995380-89BD-4b04-88EB-625FBE52EBFB}</UniqueIdentifier>
      <Extensions>h;hh;hpp;hxx;hm;inl;inc;xsd</Extensions>
    </Filter>
    <Filter Include="Resource Files">
      <UniqueIdentifier>{67DA6AB6-F800-4c08-8B7A-83BB121AAD01}</UniqueIdentifier>
      <Extensions>rc;ico;cur;bmp;dlg;rc2;rct;bin;rgs;gif;jpg;jpeg;jpe;resx;tiff;tif;png;wav;mfcribbon-ms</Extensions>
    </Filter>
  </ItemGroup>
  <ItemGroup>
    <ClInclude Include="Variation1.h">
      <Filter>Header Files</Filter>
    </ClInclude>
    <ClInclude Include="SimplePastTense.h">
      <Filter>Header Files</Filter>
    </ClInclude>
    <ClInclude Include="Ook.h">
      <Filter>Header Files</Filter>
    </ClInclude>
    <ClInclude Include="FirstPerson.h">
      <Filter>Header Files</Filter>
    </ClInclude>
    <ClInclude Include="Variation2.h">
      <Filter>Header Files</Filter>
    </ClInclude>
    <ClInclude Include="FishNamedFred.h">
      <Filter>Header Files</Filter>
    </ClInclude>
    <ClInclude Include="Brainfuck.h">
      <Filter>Header Files</Filter>
    </ClInclude>
    <ClInclude Include="Variation3.h">
      <Filter>Header Files</Filter>
    </ClInclude>
    <ClInclude Include="Variation4.h">
      <Filter>Header Files</Filter>
    </ClInclude>
    <ClInclude Include="VisualBasic.h">
      <Filter>Header Files</Filter>
    </ClInclude>
    <ClInclude Include="Verbose.h">
      <Filter>Header Files</Filter>
    </ClInclude>
    <ClInclude Include="MostBeautifulAlphabet.h">
      <Filter>Header Files</Filter>
    </ClInclude>
    <ClInclude Include="Variation6.h">
      <Filter>Header Files</Filter>
    </ClInclude>
    <ClInclude Include="BracketAsymmetry.h">
      <Filter>Header Files</Filter>
    </ClInclude>
    <ClInclude Include="Snowman.h">
      <Filter>Header Files</Filter>
    </ClInclude>
    <ClInclude Include="Variation8.h">
      <Filter>Header Files</Filter>
    </ClInclude>
    <ClInclude Include="Variation9.h">
      <Filter>Header Files</Filter>
    </ClInclude>
    <ClInclude Include="Variation5.h">
      <Filter>Header Files</Filter>
    </ClInclude>
    <ClInclude Include="Variation10.h">
      <Filter>Header Files</Filter>
    </ClInclude>
    <ClInclude Include="Variation11.h">
      <Filter>Header Files</Filter>
    </ClInclude>
    <ClInclude Include="CppVariation.h">
      <Filter>Header Files</Filter>
    </ClInclude>
    <ClInclude Include="Variation7.h">
      <Filter>Header Files</Filter>
    </ClInclude>
    <ClInclude Include="Variation12.h">
      <Filter>Header Files</Filter>
    </ClInclude>
    <ClInclude Include="Variation13.h">
      <Filter>Header Files</Filter>
    </ClInclude>
  </ItemGroup>
  <ItemGroup>
    <ClCompile Include="Program.cpp">
      <Filter>Source Files</Filter>
    </ClCompile>
    <ClCompile Include="Variation1.cpp">
      <Filter>Source Files</Filter>
    </ClCompile>
    <ClCompile Include="Ook.cpp">
      <Filter>Source Files</Filter>
    </ClCompile>
    <ClCompile Include="Variation3.cpp">
      <Filter>Source Files</Filter>
    </ClCompile>
    <ClCompile Include="Variation5.cpp">
      <Filter>Source Files</Filter>
    </ClCompile>
    <ClCompile Include="Variation6.cpp">
      <Filter>Source Files</Filter>
    </ClCompile>
    <ClCompile Include="Variation8.cpp">
      <Filter>Source Files</Filter>
    </ClCompile>
    <ClCompile Include="Variation9.cpp">
      <Filter>Source Files</Filter>
    </ClCompile>
    <ClCompile Include="Variation10.cpp">
      <Filter>Source Files</Filter>
    </ClCompile>
    <ClCompile Include="Variation11.cpp">
      <Filter>Source Files</Filter>
    </ClCompile>
    <ClCompile Include="Variation4.cpp">
      <Filter>Source Files</Filter>
    </ClCompile>
    <ClCompile Include="Variation7.cpp">
      <Filter>Source Files</Filter>
    </ClCompile>
    <ClCompile Include="Variation12.cpp">
      <Filter>Source Files</Filter>
    </ClCompile>
    <ClCompile Include="CppVariation.cpp">
      <Filter>Source Files</Filter>
    </ClCompile>
    <ClCompile Include="Variation13.cpp">
      <Filter>Source Files</Filter>
    </ClCompile>
  </ItemGroup>
</Project>